
Microsoft Visual Studio Solution File, Format Version 12.00
Project("{FAE04EC0-301F-11D3-BF4B-00C04F79EFBC}") = "PK.Optional", "PK.Optional\PK.Optional.csproj", "{B6949736-DC04-46B0-9023-A75216DA9C1F}"
EndProject
Project("{FAE04EC0-301F-11D3-BF4B-00C04F79EFBC}") = "PK.Optional.Tests", "PK.Optional.Tests\PK.Optional.Tests.csproj", "{12D85594-35B0-4905-952E-FB36C6466900}"
EndProject
Project("{FAE04EC0-301F-11D3-BF4B-00C04F79EFBC}") = "PK.Optional.FunctionalExtensions", "PK.Optional.FunctionalExtensions\PK.Optional.FunctionalExtensions.csproj", "{DFFA4135-33A5-4C36-893F-EA40EE4D158D}"
EndProject
Project("{FAE04EC0-301F-11D3-BF4B-00C04F79EFBC}") = "PK.Optional.Newtonsoft.Json", "PK.Optional.Newtonsoft.Json\PK.Optional.Newtonsoft.Json.csproj", "{4CCADF81-6F34-4590-95B9-ACB45EE48A19}"
EndProject
Project("{FAE04EC0-301F-11D3-BF4B-00C04F79EFBC}") = "PK.Result", "PK.Result\PK.Result.csproj", "{E192DCAB-9C25-48CE-A0FE-3A2E06222289}"
EndProject
Project("{FAE04EC0-301F-11D3-BF4B-00C04F79EFBC}") = "PK.Optional.ResultExtensions", "PK.Optional.ResultExtensions\PK.Optional.ResultExtensions.csproj", "{69E997B5-CE18-4645-BE20-1FA88F504269}"
EndProject
Project("{FAE04EC0-301F-11D3-BF4B-00C04F79EFBC}") = "PK.Result.Newtonsoft.Json", "PK.Result.Newtonsoft.Json\PK.Result.Newtonsoft.Json.csproj", "{A3D293F8-FD46-4715-8FAD-95C40DBAC360}"
EndProject
Project("{2150E333-8FDC-42A3-9474-1A3956D46DE8}") = "SolutionItems", "SolutionItems", "{D027E16A-1C6F-483E-AFBF-993D9766829C}"
	ProjectSection(SolutionItems) = preProject
		Directory.Build.props = Directory.Build.props
		Directory.Build.targets = Directory.Build.targets
	EndProjectSection
EndProject
Global
	GlobalSection(SolutionConfigurationPlatforms) = preSolution
		Debug|Any CPU = Debug|Any CPU
		Release|Any CPU = Release|Any CPU
	EndGlobalSection
	GlobalSection(ProjectConfigurationPlatforms) = postSolution
		{B6949736-DC04-46B0-9023-A75216DA9C1F}.Debug|Any CPU.ActiveCfg = Debug|Any CPU
		{B6949736-DC04-46B0-9023-A75216DA9C1F}.Debug|Any CPU.Build.0 = Debug|Any CPU
		{B6949736-DC04-46B0-9023-A75216DA9C1F}.Release|Any CPU.ActiveCfg = Release|Any CPU
		{B6949736-DC04-46B0-9023-A75216DA9C1F}.Release|Any CPU.Build.0 = Release|Any CPU
		{12D85594-35B0-4905-952E-FB36C6466900}.Debug|Any CPU.ActiveCfg = Debug|Any CPU
		{12D85594-35B0-4905-952E-FB36C6466900}.Debug|Any CPU.Build.0 = Debug|Any CPU
		{12D85594-35B0-4905-952E-FB36C6466900}.Release|Any CPU.ActiveCfg = Release|Any CPU
		{12D85594-35B0-4905-952E-FB36C6466900}.Release|Any CPU.Build.0 = Release|Any CPU
		{DFFA4135-33A5-4C36-893F-EA40EE4D158D}.Debug|Any CPU.ActiveCfg = Debug|Any CPU
		{DFFA4135-33A5-4C36-893F-EA40EE4D158D}.Debug|Any CPU.Build.0 = Debug|Any CPU
		{DFFA4135-33A5-4C36-893F-EA40EE4D158D}.Release|Any CPU.ActiveCfg = Release|Any CPU
		{DFFA4135-33A5-4C36-893F-EA40EE4D158D}.Release|Any CPU.Build.0 = Release|Any CPU
		{4CCADF81-6F34-4590-95B9-ACB45EE48A19}.Debug|Any CPU.ActiveCfg = Debug|Any CPU
		{4CCADF81-6F34-4590-95B9-ACB45EE48A19}.Debug|Any CPU.Build.0 = Debug|Any CPU
		{4CCADF81-6F34-4590-95B9-ACB45EE48A19}.Release|Any CPU.ActiveCfg = Release|Any CPU
		{4CCADF81-6F34-4590-95B9-ACB45EE48A19}.Release|Any CPU.Build.0 = Release|Any CPU
		{E192DCAB-9C25-48CE-A0FE-3A2E06222289}.Debug|Any CPU.ActiveCfg = Debug|Any CPU
		{E192DCAB-9C25-48CE-A0FE-3A2E06222289}.Debug|Any CPU.Build.0 = Debug|Any CPU
		{E192DCAB-9C25-48CE-A0FE-3A2E06222289}.Release|Any CPU.ActiveCfg = Release|Any CPU
		{E192DCAB-9C25-48CE-A0FE-3A2E06222289}.Release|Any CPU.Build.0 = Release|Any CPU
		{69E997B5-CE18-4645-BE20-1FA88F504269}.Debug|Any CPU.ActiveCfg = Debug|Any CPU
		{69E997B5-CE18-4645-BE20-1FA88F504269}.Debug|Any CPU.Build.0 = Debug|Any CPU
		{69E997B5-CE18-4645-BE20-1FA88F504269}.Release|Any CPU.ActiveCfg = Release|Any CPU
		{69E997B5-CE18-4645-BE20-1FA88F504269}.Release|Any CPU.Build.0 = Release|Any CPU
		{A3D293F8-FD46-4715-8FAD-95C40DBAC360}.Debug|Any CPU.ActiveCfg = Debug|Any CPU
		{A3D293F8-FD46-4715-8FAD-95C40DBAC360}.Debug|Any CPU.Build.0 = Debug|Any CPU
		{A3D293F8-FD46-4715-8FAD-95C40DBAC360}.Release|Any CPU.ActiveCfg = Release|Any CPU
		{A3D293F8-FD46-4715-8FAD-95C40DBAC360}.Release|Any CPU.Build.0 = Release|Any CPU
	EndGlobalSection
EndGlobal
